
Microsoft Visual Studio Solution File, Format Version 12.00
# Visual Studio Version 17
VisualStudioVersion = 17.11.35312.102
MinimumVisualStudioVersion = 10.0.40219.1
Project("{FAE04EC0-301F-11D3-BF4B-00C04F79EFBC}") = "OliviaEvansProg07WorldSeries", "OliviaEvansProg07WorldSeries\OliviaEvansProg07WorldSeries.csproj", "{1C7636A9-689B-4475-862A-C9229D901049}"
EndProject
Global
	GlobalSection(SolutionConfigurationPlatforms) = preSolution
		Debug|Any CPU = Debug|Any CPU
		Release|Any CPU = Release|Any CPU
	EndGlobalSection
	GlobalSection(ProjectConfigurationPlatforms) = postSolution
		{1C7636A9-689B-4475-862A-C9229D901049}.Debug|Any CPU.ActiveCfg = Debug|Any CPU
		{1C7636A9-689B-4475-862A-C9229D901049}.Debug|Any CPU.Build.0 = Debug|Any CPU
		{1C7636A9-689B-4475-862A-C9229D901049}.Release|Any CPU.ActiveCfg = Release|Any CPU
		{1C7636A9-689B-4475-862A-C9229D901049}.Release|Any CPU.Build.0 = Release|Any CPU
	EndGlobalSection
	GlobalSection(SolutionProperties) = preSolution
		HideSolutionNode = FALSE
	EndGlobalSection
	GlobalSection(ExtensibilityGlobals) = postSolution
		SolutionGuid = {3B74DEE7-71EA-4D96-922E-C884AD33BE6B}
	EndGlobalSection
EndGlobal
