
Microsoft Visual Studio Solution File, Format Version 12.00
# Visual Studio Version 17
VisualStudioVersion = 17.11.35327.3
MinimumVisualStudioVersion = 10.0.40219.1
Project("{FAE04EC0-301F-11D3-BF4B-00C04F79EFBC}") = "oliviaEvansC#Final", "oliviaEvansC#Final\oliviaEvansC#Final.csproj", "{586539AB-7597-430C-AA27-500079392778}"
EndProject
Global
	GlobalSection(SolutionConfigurationPlatforms) = preSolution
		Debug|Any CPU = Debug|Any CPU
		Release|Any CPU = Release|Any CPU
	EndGlobalSection
	GlobalSection(ProjectConfigurationPlatforms) = postSolution
		{586539AB-7597-430C-AA27-500079392778}.Debug|Any CPU.ActiveCfg = Debug|Any CPU
		{586539AB-7597-430C-AA27-500079392778}.Debug|Any CPU.Build.0 = Debug|Any CPU
		{586539AB-7597-430C-AA27-500079392778}.Release|Any CPU.ActiveCfg = Release|Any CPU
		{586539AB-7597-430C-AA27-500079392778}.Release|Any CPU.Build.0 = Release|Any CPU
	EndGlobalSection
	GlobalSection(SolutionProperties) = preSolution
		HideSolutionNode = FALSE
	EndGlobalSection
	GlobalSection(ExtensibilityGlobals) = postSolution
		SolutionGuid = {D173865E-A6EE-4AF4-A95C-4C32EB0BB4ED}
	EndGlobalSection
EndGlobal
